
Microsoft Visual Studio Solution File, Format Version 12.00
# Visual Studio Version 16
VisualStudioVersion = 16.0.30128.36
MinimumVisualStudioVersion = 10.0.40219.1
Project("{FAE04EC0-301F-11D3-BF4B-00C04F79EFBC}") = "haenno-net-WpfApp1", "haenno-net-WpfApp1.csproj", "{CDCAEF21-645A-4D38-91D6-D8A9B1B1B3D3}"
EndProject
Global
	GlobalSection(SolutionConfigurationPlatforms) = preSolution
		Debug|Any CPU = Debug|Any CPU
		Release|Any CPU = Release|Any CPU
	EndGlobalSection
	GlobalSection(ProjectConfigurationPlatforms) = postSolution
		{CDCAEF21-645A-4D38-91D6-D8A9B1B1B3D3}.Debug|Any CPU.ActiveCfg = Debug|Any CPU
		{CDCAEF21-645A-4D38-91D6-D8A9B1B1B3D3}.Debug|Any CPU.Build.0 = Debug|Any CPU
		{CDCAEF21-645A-4D38-91D6-D8A9B1B1B3D3}.Release|Any CPU.ActiveCfg = Release|Any CPU
		{CDCAEF21-645A-4D38-91D6-D8A9B1B1B3D3}.Release|Any CPU.Build.0 = Release|Any CPU
	EndGlobalSection
	GlobalSection(SolutionProperties) = preSolution
		HideSolutionNode = FALSE
	EndGlobalSection
	GlobalSection(ExtensibilityGlobals) = postSolution
		SolutionGuid = {897817F2-9AEB-4962-9FE9-F5CEE7D8E7C1}
	EndGlobalSection
EndGlobal
